{
    "_readme": [
        "This file locks the dependencies of your project to a known state",
        "Read more about it at https://getcomposer.org/doc/01-basic-usage.md#composer-lock-the-lock-file",
        "This file is @generated automatically"
    ],
    "hash": "b8484e83ea13415ffb002b86241b2468",
    "content-hash": "51991173b3de30d9cd2a00e61741db6e",
    "packages": [
        {
            "name": "iknsa/helper-bundle",
            "version": "dev-master",
            "source": {
                "type": "git",
                "url": "https://github.com/iknsa/HelperBundle.git",
                "reference": "41f523ca13474d2b2b5c22fa76dfecd13a791abc"
            },
            "dist": {
                "type": "zip",
                "url": "https://api.github.com/repos/iknsa/HelperBundle/zipball/41f523ca13474d2b2b5c22fa76dfecd13a791abc",
                "reference": "41f523ca13474d2b2b5c22fa76dfecd13a791abc",
                "shasum": ""
            },
            "require": {
                "php": "^5.3"
            },
            "type": "library",
            "autoload": {
                "psr-4": {
                    "IKNSA\\HelperBundle\\": ""
                },
                "exclude-from-classmap": [
                    "/Tests/"
                ]
            },
            "notification-url": "https://packagist.org/downloads/",
            "license": [
                "MIT"
            ],
            "authors": [
                {
                    "name": "Khalid Sookia",
                    "email": "khalidsookia@gmail.com"
                }
            ],
            "description": "A few helpers and utilities in php",
            "time": "2016-11-30 18:26:29"
        },
        {
            "name": "romenys/components",
            "version": "dev-master",
            "source": {
                "type": "git",
                "url": "https://github.com/romenys/components.git",
                "reference": "777d61751e391efb6976fd3c2a18d30089770020"
            },
            "dist": {
                "type": "zip",
                "url": "https://api.github.com/repos/romenys/components/zipball/777d61751e391efb6976fd3c2a18d30089770020",
                "reference": "777d61751e391efb6976fd3c2a18d30089770020",
                "shasum": ""
            },
            "type": "library",
            "autoload": {
                "psr-4": {
                    "Romenys\\Components\\": ""
                },
                "exclude-from-classmap": [
                    "/Tests/"
                ]
            },
            "notification-url": "https://packagist.org/downloads/",
            "authors": [
                {
                    "name": "Khalid Sookia",
                    "email": "khalidsookia@gmail.com"
                }
            ],
            "description": "Some PHP components like parameters.ini parser with dynamic environments specific parmeters",
            "time": "2016-11-30 18:30:36"
        },
        {
            "name": "romenys/helpers",
            "version": "dev-master",
            "source": {
                "type": "git",
                "url": "https://github.com/romenys/helpers.git",
                "reference": "b0a2981eb8d3980deaced2d5c2898d0b53e5119d"
            },
            "dist": {
                "type": "zip",
                "url": "https://api.github.com/repos/romenys/helpers/zipball/b0a2981eb8d3980deaced2d5c2898d0b53e5119d",
                "reference": "b0a2981eb8d3980deaced2d5c2898d0b53e5119d",
                "shasum": ""
            },
            "type": "library",
            "autoload": {
                "psr-4": {
                    "Romenys\\Helpers\\": ""
                },
                "exclude-from-classmap": [
                    "/Tests/"
                ]
            },
            "notification-url": "https://packagist.org/downloads/",
            "authors": [
                {
                    "name": "Khalid Sookia",
                    "email": "khalidsookia@gmail.com"
                }
            ],
            "description": "PHP helpers",
            "time": "2016-11-30 15:17:15"
        },
        {
            "name": "romenys/http",
            "version": "dev-master",
            "source": {
                "type": "git",
                "url": "https://github.com/romenys/http.git",
                "reference": "71dcb4a61c1786d50e653f89f0ceaf926776ef8a"
            },
            "dist": {
                "type": "zip",
                "url": "https://api.github.com/repos/romenys/http/zipball/71dcb4a61c1786d50e653f89f0ceaf926776ef8a",
                "reference": "71dcb4a61c1786d50e653f89f0ceaf926776ef8a",
                "shasum": ""
            },
            "type": "library",
            "autoload": {
                "psr-4": {
                    "Romenys\\Http\\": ""
                },
                "exclude-from-classmap": [
                    "/Tests/"
                ]
            },
            "notification-url": "https://packagist.org/downloads/",
            "license": [
                "MIT"
            ],
            "authors": [
                {
                    "name": "Khalid Sookia",
                    "email": "khalidsookia@gmail.com"
                }
            ],
            "description": "PHP library for handling http request and response",
            "time": "2016-11-30 18:12:42"
        },
        {
            "name": "romenys/router",
            "version": "dev-master",
            "source": {
                "type": "git",
                "url": "https://github.com/romenys/router.git",
                "reference": "ab208e29e4d4f017f538ac026daf712ed5913d80"
            },
            "dist": {
                "type": "zip",
                "url": "https://api.github.com/repos/romenys/router/zipball/ab208e29e4d4f017f538ac026daf712ed5913d80",
                "reference": "ab208e29e4d4f017f538ac026daf712ed5913d80",
                "shasum": ""
            },
            "type": "library",
            "autoload": {
                "psr-4": {
                    "Romenys\\Router\\": ""
                },
                "exclude-from-classmap": [
                    "/Tests/"
                ]
            },
            "notification-url": "https://packagist.org/downloads/",
            "authors": [
                {
                    "name": "Khalid Sookia",
                    "email": "khalidsookia@gmail.com"
                }
            ],
            "description": "A PHP router library",
            "time": "2016-11-30 15:15:22"
        },
        {
            "name": "symfony/polyfill-mbstring",
            "version": "v1.3.0",
            "source": {
                "type": "git",
                "url": "https://github.com/symfony/polyfill-mbstring.git",
                "reference": "e79d363049d1c2128f133a2667e4f4190904f7f4"
            },
            "dist": {
                "type": "zip",
                "url": "https://api.github.com/repos/symfony/polyfill-mbstring/zipball/e79d363049d1c2128f133a2667e4f4190904f7f4",
                "reference": "e79d363049d1c2128f133a2667e4f4190904f7f4",
                "shasum": ""
            },
            "require": {
                "php": ">=5.3.3"
            },
            "suggest": {
                "ext-mbstring": "For best performance"
            },
            "type": "library",
            "extra": {
                "branch-alias": {
                    "dev-master": "1.3-dev"
                }
            },
            "autoload": {
                "psr-4": {
                    "Symfony\\Polyfill\\Mbstring\\": ""
                },
                "files": [
                    "bootstrap.php"
                ]
            },
            "notification-url": "https://packagist.org/downloads/",
            "license": [
                "MIT"
            ],
            "authors": [
                {
                    "name": "Nicolas Grekas",
                    "email": "p@tchwork.com"
                },
                {
                    "name": "Symfony Community",
                    "homepage": "https://symfony.com/contributors"
                }
            ],
            "description": "Symfony polyfill for the Mbstring extension",
            "homepage": "https://symfony.com",
            "keywords": [
                "compatibility",
                "mbstring",
                "polyfill",
                "portable",
                "shim"
            ],
            "time": "2016-11-14 01:06:16"
        },
        {
            "name": "symfony/var-dumper",
            "version": "v3.2.0",
            "source": {
                "type": "git",
                "url": "https://github.com/symfony/var-dumper.git",
                "reference": "86f4e8aeb07bd5fb467f6bdd599a30298d19fa5f"
            },
            "dist": {
                "type": "zip",
                "url": "https://api.github.com/repos/symfony/var-dumper/zipball/86f4e8aeb07bd5fb467f6bdd599a30298d19fa5f",
                "reference": "86f4e8aeb07bd5fb467f6bdd599a30298d19fa5f",
                "shasum": ""
            },
            "require": {
                "php": ">=5.5.9",
                "symfony/polyfill-mbstring": "~1.0"
            },
            "require-dev": {
                "twig/twig": "~1.20|~2.0"
            },
            "suggest": {
                "ext-symfony_debug": ""
            },
            "type": "library",
            "extra": {
                "branch-alias": {
                    "dev-master": "3.2-dev"
                }
            },
            "autoload": {
                "files": [
                    "Resources/functions/dump.php"
                ],
                "psr-4": {
                    "Symfony\\Component\\VarDumper\\": ""
                },
                "exclude-from-classmap": [
                    "/Tests/"
                ]
            },
            "notification-url": "https://packagist.org/downloads/",
            "license": [
                "MIT"
            ],
            "authors": [
                {
                    "name": "Nicolas Grekas",
                    "email": "p@tchwork.com"
                },
                {
                    "name": "Symfony Community",
                    "homepage": "https://symfony.com/contributors"
                }
            ],
            "description": "Symfony mechanism for exploring and dumping PHP variables",
            "homepage": "https://symfony.com",
            "keywords": [
                "debug",
                "dump"
            ],
            "time": "2016-11-29 10:33:09"
        }
    ],
    "packages-dev": [],
    "aliases": [],
    "minimum-stability": "stable",
    "stability-flags": {
        "iknsa/helper-bundle": 20,
        "romenys/components": 20,
        "romenys/helpers": 20,
        "romenys/router": 20,
        "romenys/http": 20
    },
    "prefer-stable": false,
    "prefer-lowest": false,
    "platform": [],
    "platform-dev": []
}
